
Microsoft Visual Studio Solution File, Format Version 12.00
# Visual Studio Version 16
VisualStudioVersion = 16.0.29609.76
MinimumVisualStudioVersion = 10.0.40219.1
Project("{9A19103F-16F7-4668-BE54-9A1E7A4F7556}") = "Microsoft.Marketplace.SaaS.SDK.CustomerProvisioning", "Microsoft.Marketplace.SaasKit.Client\Microsoft.Marketplace.SaaS.SDK.CustomerProvisioning.csproj", "{F6509E5A-0646-4CEB-B5FC-114CB04FA6D4}"
EndProject
Project("{9A19103F-16F7-4668-BE54-9A1E7A4F7556}") = "Microsoft.Marketplace.SaaS.SDK.Client", "Microsoft.Marketplace.SaasKit\Microsoft.Marketplace.SaaS.SDK.Client.csproj", "{F773DC57-0313-48F9-9E79-D545964F4553}"
EndProject
Project("{9A19103F-16F7-4668-BE54-9A1E7A4F7556}") = "Microsoft.Marketplace.SaaS.SDK.Client.DataAccess", "Microsoft.Marketplace.SaasKit.Client.DataAccess\Microsoft.Marketplace.SaaS.SDK.Client.DataAccess.csproj", "{668640C4-FD6F-47AF-ACD4-5F001EA3CA44}"
EndProject
Project("{9A19103F-16F7-4668-BE54-9A1E7A4F7556}") = "Microsoft.Marketplace.SaaS.SDK.UnitTest", "Microsoft.Marketplace.SaasKit.UnitTest\Microsoft.Marketplace.SaaS.SDK.UnitTest.csproj", "{1F179EBA-93C0-4FF4-90A2-BD62613B9FFD}"
EndProject
Project("{9A19103F-16F7-4668-BE54-9A1E7A4F7556}") = "Microsoft.Marketplace.SaaS.SDK.PublisherSolution", "Microsoft.Marketplace.Saas.Web\Microsoft.Marketplace.SaaS.SDK.PublisherSolution.csproj", "{5002B344-DF27-4E85-B224-726E000BE6B7}"
EndProject
Global
	GlobalSection(SolutionConfigurationPlatforms) = preSolution
		Debug|Any CPU = Debug|Any CPU
		Release|Any CPU = Release|Any CPU
	EndGlobalSection
	GlobalSection(ProjectConfigurationPlatforms) = postSolution
		{F6509E5A-0646-4CEB-B5FC-114CB04FA6D4}.Debug|Any CPU.ActiveCfg = Debug|Any CPU
		{F6509E5A-0646-4CEB-B5FC-114CB04FA6D4}.Debug|Any CPU.Build.0 = Debug|Any CPU
		{F6509E5A-0646-4CEB-B5FC-114CB04FA6D4}.Release|Any CPU.ActiveCfg = Release|Any CPU
		{F6509E5A-0646-4CEB-B5FC-114CB04FA6D4}.Release|Any CPU.Build.0 = Release|Any CPU
		{F773DC57-0313-48F9-9E79-D545964F4553}.Debug|Any CPU.ActiveCfg = Debug|Any CPU
		{F773DC57-0313-48F9-9E79-D545964F4553}.Debug|Any CPU.Build.0 = Debug|Any CPU
		{F773DC57-0313-48F9-9E79-D545964F4553}.Release|Any CPU.ActiveCfg = Release|Any CPU
		{F773DC57-0313-48F9-9E79-D545964F4553}.Release|Any CPU.Build.0 = Release|Any CPU
		{668640C4-FD6F-47AF-ACD4-5F001EA3CA44}.Debug|Any CPU.ActiveCfg = Debug|Any CPU
		{668640C4-FD6F-47AF-ACD4-5F001EA3CA44}.Debug|Any CPU.Build.0 = Debug|Any CPU
		{668640C4-FD6F-47AF-ACD4-5F001EA3CA44}.Release|Any CPU.ActiveCfg = Release|Any CPU
		{668640C4-FD6F-47AF-ACD4-5F001EA3CA44}.Release|Any CPU.Build.0 = Release|Any CPU
		{1F179EBA-93C0-4FF4-90A2-BD62613B9FFD}.Debug|Any CPU.ActiveCfg = Debug|Any CPU
		{1F179EBA-93C0-4FF4-90A2-BD62613B9FFD}.Debug|Any CPU.Build.0 = Debug|Any CPU
		{1F179EBA-93C0-4FF4-90A2-BD62613B9FFD}.Release|Any CPU.ActiveCfg = Release|Any CPU
		{1F179EBA-93C0-4FF4-90A2-BD62613B9FFD}.Release|Any CPU.Build.0 = Release|Any CPU
		{5002B344-DF27-4E85-B224-726E000BE6B7}.Debug|Any CPU.ActiveCfg = Debug|Any CPU
		{5002B344-DF27-4E85-B224-726E000BE6B7}.Debug|Any CPU.Build.0 = Debug|Any CPU
		{5002B344-DF27-4E85-B224-726E000BE6B7}.Release|Any CPU.ActiveCfg = Release|Any CPU
		{5002B344-DF27-4E85-B224-726E000BE6B7}.Release|Any CPU.Build.0 = Release|Any CPU
	EndGlobalSection
	GlobalSection(SolutionProperties) = preSolution
		HideSolutionNode = FALSE
	EndGlobalSection
	GlobalSection(ExtensibilityGlobals) = postSolution
		SolutionGuid = {133A46EB-AD21-47F0-A771-FF68507E0244}
	EndGlobalSection
EndGlobal
