
Microsoft Visual Studio Solution File, Format Version 12.00
# Visual Studio Version 16
VisualStudioVersion = 16.0.29609.76
MinimumVisualStudioVersion = 10.0.40219.1
Project("{9A19103F-16F7-4668-BE54-9A1E7A4F7556}") = "SaaS.SDK.Client", "SaaS.SDK.Client\SaaS.SDK.Client.csproj", "{F7220652-1FEF-4A45-B7C8-F8B01DCAF9FA}"
EndProject
Project("{9A19103F-16F7-4668-BE54-9A1E7A4F7556}") = "SaaS.SDK.Client.DataAccess", "SaaS.SDK.Client.DataAccess\SaaS.SDK.Client.DataAccess.csproj", "{284FE129-921A-402C-8538-C0F9D0CB83E1}"
EndProject
Project("{9A19103F-16F7-4668-BE54-9A1E7A4F7556}") = "SaaS.SDK.CustomerProvisioning", "SaaS.SDK.CustomerProvisioning\SaaS.SDK.CustomerProvisioning.csproj", "{3A1645BA-5FC8-43AE-A265-2B154952132F}"
EndProject
Project("{9A19103F-16F7-4668-BE54-9A1E7A4F7556}") = "SaaS.SDK.UnitTest", "SaaS.SDK.UnitTest\SaaS.SDK.UnitTest.csproj", "{CE51F49B-E40D-425C-A25E-16B6CAF8B58B}"
EndProject
Project("{9A19103F-16F7-4668-BE54-9A1E7A4F7556}") = "SaaS.SDK.PublisherSolution", "SaaS.SDK.PublisherSolution\SaaS.SDK.PublisherSolution.csproj", "{DB6FB916-7EAA-4D25-BFE3-D7C30284C549}"
EndProject
Project("{9A19103F-16F7-4668-BE54-9A1E7A4F7556}") = "SaaS.SDK.Provisioning.Webjob", "SaaS.SDK.Provisioning.Webjob\SaaS.SDK.Provisioning.Webjob.csproj", "{FC5A71BC-9C72-4944-B103-1C17CB9E5124}"
EndProject
Project("{FAE04EC0-301F-11D3-BF4B-00C04F79EFBC}") = "SaaS.SDK.Services", "SaaS.SDK.Library\SaaS.SDK.Services.csproj", "{182CE25E-29A0-4593-9835-A6D26E3327ED}"
EndProject
Global
	GlobalSection(SolutionConfigurationPlatforms) = preSolution
		Debug|Any CPU = Debug|Any CPU
		Release|Any CPU = Release|Any CPU
	EndGlobalSection
	GlobalSection(ProjectConfigurationPlatforms) = postSolution
		{F7220652-1FEF-4A45-B7C8-F8B01DCAF9FA}.Debug|Any CPU.ActiveCfg = Debug|Any CPU
		{F7220652-1FEF-4A45-B7C8-F8B01DCAF9FA}.Debug|Any CPU.Build.0 = Debug|Any CPU
		{F7220652-1FEF-4A45-B7C8-F8B01DCAF9FA}.Release|Any CPU.ActiveCfg = Release|Any CPU
		{F7220652-1FEF-4A45-B7C8-F8B01DCAF9FA}.Release|Any CPU.Build.0 = Release|Any CPU
		{284FE129-921A-402C-8538-C0F9D0CB83E1}.Debug|Any CPU.ActiveCfg = Debug|Any CPU
		{284FE129-921A-402C-8538-C0F9D0CB83E1}.Debug|Any CPU.Build.0 = Debug|Any CPU
		{284FE129-921A-402C-8538-C0F9D0CB83E1}.Release|Any CPU.ActiveCfg = Release|Any CPU
		{284FE129-921A-402C-8538-C0F9D0CB83E1}.Release|Any CPU.Build.0 = Release|Any CPU
		{3A1645BA-5FC8-43AE-A265-2B154952132F}.Debug|Any CPU.ActiveCfg = Debug|Any CPU
		{3A1645BA-5FC8-43AE-A265-2B154952132F}.Debug|Any CPU.Build.0 = Debug|Any CPU
		{3A1645BA-5FC8-43AE-A265-2B154952132F}.Release|Any CPU.ActiveCfg = Release|Any CPU
		{3A1645BA-5FC8-43AE-A265-2B154952132F}.Release|Any CPU.Build.0 = Release|Any CPU
		{CE51F49B-E40D-425C-A25E-16B6CAF8B58B}.Debug|Any CPU.ActiveCfg = Debug|Any CPU
		{CE51F49B-E40D-425C-A25E-16B6CAF8B58B}.Debug|Any CPU.Build.0 = Debug|Any CPU
		{CE51F49B-E40D-425C-A25E-16B6CAF8B58B}.Release|Any CPU.ActiveCfg = Release|Any CPU
		{CE51F49B-E40D-425C-A25E-16B6CAF8B58B}.Release|Any CPU.Build.0 = Release|Any CPU
		{DB6FB916-7EAA-4D25-BFE3-D7C30284C549}.Debug|Any CPU.ActiveCfg = Debug|Any CPU
		{DB6FB916-7EAA-4D25-BFE3-D7C30284C549}.Debug|Any CPU.Build.0 = Debug|Any CPU
		{DB6FB916-7EAA-4D25-BFE3-D7C30284C549}.Release|Any CPU.ActiveCfg = Release|Any CPU
		{DB6FB916-7EAA-4D25-BFE3-D7C30284C549}.Release|Any CPU.Build.0 = Release|Any CPU
		{FC5A71BC-9C72-4944-B103-1C17CB9E5124}.Debug|Any CPU.ActiveCfg = Debug|Any CPU
		{FC5A71BC-9C72-4944-B103-1C17CB9E5124}.Debug|Any CPU.Build.0 = Debug|Any CPU
		{FC5A71BC-9C72-4944-B103-1C17CB9E5124}.Release|Any CPU.ActiveCfg = Release|Any CPU
		{FC5A71BC-9C72-4944-B103-1C17CB9E5124}.Release|Any CPU.Build.0 = Release|Any CPU
		{182CE25E-29A0-4593-9835-A6D26E3327ED}.Debug|Any CPU.ActiveCfg = Debug|Any CPU
		{182CE25E-29A0-4593-9835-A6D26E3327ED}.Debug|Any CPU.Build.0 = Debug|Any CPU
		{182CE25E-29A0-4593-9835-A6D26E3327ED}.Release|Any CPU.ActiveCfg = Release|Any CPU
		{182CE25E-29A0-4593-9835-A6D26E3327ED}.Release|Any CPU.Build.0 = Release|Any CPU
	EndGlobalSection
	GlobalSection(SolutionProperties) = preSolution
		HideSolutionNode = FALSE
	EndGlobalSection
	GlobalSection(ExtensibilityGlobals) = postSolution
		SolutionGuid = {133A46EB-AD21-47F0-A771-FF68507E0244}
	EndGlobalSection
EndGlobal
