
Microsoft Visual Studio Solution File, Format Version 12.00
# Visual Studio Version 17
VisualStudioVersion = 17.1.31903.286
MinimumVisualStudioVersion = 10.0.40219.1
Project("{9A19103F-16F7-4668-BE54-9A1E7A4F7556}") = "SaaSAccelerator.DataAccess", "SaaSAccelerator.DataAccess\SaaSAccelerator.DataAccess.csproj", "{FF3ED7C2-3508-4CD2-B17F-1AF9215ACA4C}"
EndProject
Project("{9A19103F-16F7-4668-BE54-9A1E7A4F7556}") = "SaaSAccelerator.MeteredTriggerJob", "SaaSAccelerator.MeteredTriggerJob\SaaSAccelerator.MeteredTriggerJob.csproj", "{9EEEE406-775B-4DB0-AA70-022425DF6669}"
EndProject
Project("{9A19103F-16F7-4668-BE54-9A1E7A4F7556}") = "SaaSAccelerator.PublisherSite", "SaaSAccelerator.PublisherSite\SaaSAccelerator.PublisherSite.csproj", "{50063DCD-D384-42B3-833D-83BF59F845B1}"
EndProject
Project("{9A19103F-16F7-4668-BE54-9A1E7A4F7556}") = "SaaSAccelerator.Services", "SaaSAccelerator.Services\SaaSAccelerator.Services.csproj", "{F3FA23F0-890B-482A-9CDD-10C5E862C0C3}"
EndProject
Project("{9A19103F-16F7-4668-BE54-9A1E7A4F7556}") = "SaaSAccelerator.UnitTest.Services", "SaaSAccelerator.UnitTest.Services\SaaSAccelerator.UnitTest.Services.csproj", "{AD194981-78A0-4374-84AC-FF6AEFAFAFB6}"
EndProject
Project("{9A19103F-16F7-4668-BE54-9A1E7A4F7556}") = "SaaSAccelerator.CustomerSite", "SaaSAcclerator.CustomerSite\SaaSAccelerator.CustomerSite.csproj", "{F4B41EFD-0778-4F0D-8816-38816DA2C04A}"
EndProject
Global
	GlobalSection(SolutionConfigurationPlatforms) = preSolution
		Debug|Any CPU = Debug|Any CPU
		Release|Any CPU = Release|Any CPU
	EndGlobalSection
	GlobalSection(ProjectConfigurationPlatforms) = postSolution
		{FF3ED7C2-3508-4CD2-B17F-1AF9215ACA4C}.Debug|Any CPU.ActiveCfg = Debug|Any CPU
		{FF3ED7C2-3508-4CD2-B17F-1AF9215ACA4C}.Debug|Any CPU.Build.0 = Debug|Any CPU
		{FF3ED7C2-3508-4CD2-B17F-1AF9215ACA4C}.Release|Any CPU.ActiveCfg = Release|Any CPU
		{FF3ED7C2-3508-4CD2-B17F-1AF9215ACA4C}.Release|Any CPU.Build.0 = Release|Any CPU
		{9EEEE406-775B-4DB0-AA70-022425DF6669}.Debug|Any CPU.ActiveCfg = Debug|Any CPU
		{9EEEE406-775B-4DB0-AA70-022425DF6669}.Debug|Any CPU.Build.0 = Debug|Any CPU
		{9EEEE406-775B-4DB0-AA70-022425DF6669}.Release|Any CPU.ActiveCfg = Release|Any CPU
		{9EEEE406-775B-4DB0-AA70-022425DF6669}.Release|Any CPU.Build.0 = Release|Any CPU
		{50063DCD-D384-42B3-833D-83BF59F845B1}.Debug|Any CPU.ActiveCfg = Debug|Any CPU
		{50063DCD-D384-42B3-833D-83BF59F845B1}.Debug|Any CPU.Build.0 = Debug|Any CPU
		{50063DCD-D384-42B3-833D-83BF59F845B1}.Release|Any CPU.ActiveCfg = Release|Any CPU
		{50063DCD-D384-42B3-833D-83BF59F845B1}.Release|Any CPU.Build.0 = Release|Any CPU
		{F3FA23F0-890B-482A-9CDD-10C5E862C0C3}.Debug|Any CPU.ActiveCfg = Debug|Any CPU
		{F3FA23F0-890B-482A-9CDD-10C5E862C0C3}.Debug|Any CPU.Build.0 = Debug|Any CPU
		{F3FA23F0-890B-482A-9CDD-10C5E862C0C3}.Release|Any CPU.ActiveCfg = Release|Any CPU
		{F3FA23F0-890B-482A-9CDD-10C5E862C0C3}.Release|Any CPU.Build.0 = Release|Any CPU
		{AD194981-78A0-4374-84AC-FF6AEFAFAFB6}.Debug|Any CPU.ActiveCfg = Debug|Any CPU
		{AD194981-78A0-4374-84AC-FF6AEFAFAFB6}.Debug|Any CPU.Build.0 = Debug|Any CPU
		{AD194981-78A0-4374-84AC-FF6AEFAFAFB6}.Release|Any CPU.ActiveCfg = Release|Any CPU
		{AD194981-78A0-4374-84AC-FF6AEFAFAFB6}.Release|Any CPU.Build.0 = Release|Any CPU
		{F4B41EFD-0778-4F0D-8816-38816DA2C04A}.Debug|Any CPU.ActiveCfg = Debug|Any CPU
		{F4B41EFD-0778-4F0D-8816-38816DA2C04A}.Debug|Any CPU.Build.0 = Debug|Any CPU
		{F4B41EFD-0778-4F0D-8816-38816DA2C04A}.Release|Any CPU.ActiveCfg = Release|Any CPU
		{F4B41EFD-0778-4F0D-8816-38816DA2C04A}.Release|Any CPU.Build.0 = Release|Any CPU
	EndGlobalSection
	GlobalSection(SolutionProperties) = preSolution
		HideSolutionNode = FALSE
	EndGlobalSection
	GlobalSection(ExtensibilityGlobals) = postSolution
		SolutionGuid = {133A46EB-AD21-47F0-A771-FF68507E0244}
	EndGlobalSection
EndGlobal
