
Microsoft Visual Studio Solution File, Format Version 12.00
# Visual Studio Version 17
VisualStudioVersion = 17.1.31903.286
MinimumVisualStudioVersion = 10.0.40219.1
Project("{9A19103F-16F7-4668-BE54-9A1E7A4F7556}") = "SaaS.SDK.UnitTest", "SaaS.SDK.UnitTest\SaaS.SDK.UnitTest.csproj", "{CE51F49B-E40D-425C-A25E-16B6CAF8B58B}"
EndProject
Project("{9A19103F-16F7-4668-BE54-9A1E7A4F7556}") = "SaaS.SDK.PublisherSolution", "SaaS.SDK.PublisherSolution\SaaS.SDK.PublisherSolution.csproj", "{DB6FB916-7EAA-4D25-BFE3-D7C30284C549}"
EndProject
Project("{9A19103F-16F7-4668-BE54-9A1E7A4F7556}") = "SaaS.SDK.Provisioning.Services", "SaaS.SDK.Services\SaaS.SDK.Provisioning.Services.csproj", "{B5C169DF-D848-4762-AAB9-B022F1E79466}"
EndProject
Project("{9A19103F-16F7-4668-BE54-9A1E7A4F7556}") = "SaaS.SDK.MeteredTriggerJob", "SaaS.SDK.MeteredTriggerJob\SaaS.SDK.MeteredTriggerJob.csproj", "{F9B5BBEB-4ED9-49B7-A308-51FB5A6E1A03}"
EndProject
Project("{9A19103F-16F7-4668-BE54-9A1E7A4F7556}") = "Marketplace.SaaS.Accelerator.DataAccess", "SaaS.Accelerator.DataAccess\Marketplace.SaaS.Accelerator.DataAccess.csproj", "{23354EBA-3868-45F3-AF79-54C1B989862F}"
EndProject
Project("{9A19103F-16F7-4668-BE54-9A1E7A4F7556}") = "SaaS.Accelerator.CustomerSite", "SaaS.Accelerator.CustomerSite\SaaS.Accelerator.CustomerSite.csproj", "{B06B5FAD-FFF9-4604-8308-5F33A1C47563}"
EndProject
Global
	GlobalSection(SolutionConfigurationPlatforms) = preSolution
		Debug|Any CPU = Debug|Any CPU
		Release|Any CPU = Release|Any CPU
	EndGlobalSection
	GlobalSection(ProjectConfigurationPlatforms) = postSolution
		{CE51F49B-E40D-425C-A25E-16B6CAF8B58B}.Debug|Any CPU.ActiveCfg = Debug|Any CPU
		{CE51F49B-E40D-425C-A25E-16B6CAF8B58B}.Debug|Any CPU.Build.0 = Debug|Any CPU
		{CE51F49B-E40D-425C-A25E-16B6CAF8B58B}.Release|Any CPU.ActiveCfg = Release|Any CPU
		{CE51F49B-E40D-425C-A25E-16B6CAF8B58B}.Release|Any CPU.Build.0 = Release|Any CPU
		{DB6FB916-7EAA-4D25-BFE3-D7C30284C549}.Debug|Any CPU.ActiveCfg = Debug|Any CPU
		{DB6FB916-7EAA-4D25-BFE3-D7C30284C549}.Debug|Any CPU.Build.0 = Debug|Any CPU
		{DB6FB916-7EAA-4D25-BFE3-D7C30284C549}.Release|Any CPU.ActiveCfg = Release|Any CPU
		{DB6FB916-7EAA-4D25-BFE3-D7C30284C549}.Release|Any CPU.Build.0 = Release|Any CPU
		{B5C169DF-D848-4762-AAB9-B022F1E79466}.Debug|Any CPU.ActiveCfg = Debug|Any CPU
		{B5C169DF-D848-4762-AAB9-B022F1E79466}.Debug|Any CPU.Build.0 = Debug|Any CPU
		{B5C169DF-D848-4762-AAB9-B022F1E79466}.Release|Any CPU.ActiveCfg = Release|Any CPU
		{B5C169DF-D848-4762-AAB9-B022F1E79466}.Release|Any CPU.Build.0 = Release|Any CPU
		{F9B5BBEB-4ED9-49B7-A308-51FB5A6E1A03}.Debug|Any CPU.ActiveCfg = Debug|Any CPU
		{F9B5BBEB-4ED9-49B7-A308-51FB5A6E1A03}.Debug|Any CPU.Build.0 = Debug|Any CPU
		{F9B5BBEB-4ED9-49B7-A308-51FB5A6E1A03}.Release|Any CPU.ActiveCfg = Release|Any CPU
		{F9B5BBEB-4ED9-49B7-A308-51FB5A6E1A03}.Release|Any CPU.Build.0 = Release|Any CPU
		{23354EBA-3868-45F3-AF79-54C1B989862F}.Debug|Any CPU.ActiveCfg = Debug|Any CPU
		{23354EBA-3868-45F3-AF79-54C1B989862F}.Debug|Any CPU.Build.0 = Debug|Any CPU
		{23354EBA-3868-45F3-AF79-54C1B989862F}.Release|Any CPU.ActiveCfg = Release|Any CPU
		{23354EBA-3868-45F3-AF79-54C1B989862F}.Release|Any CPU.Build.0 = Release|Any CPU
		{B06B5FAD-FFF9-4604-8308-5F33A1C47563}.Debug|Any CPU.ActiveCfg = Debug|Any CPU
		{B06B5FAD-FFF9-4604-8308-5F33A1C47563}.Debug|Any CPU.Build.0 = Debug|Any CPU
		{B06B5FAD-FFF9-4604-8308-5F33A1C47563}.Release|Any CPU.ActiveCfg = Release|Any CPU
		{B06B5FAD-FFF9-4604-8308-5F33A1C47563}.Release|Any CPU.Build.0 = Release|Any CPU
	EndGlobalSection
	GlobalSection(SolutionProperties) = preSolution
		HideSolutionNode = FALSE
	EndGlobalSection
	GlobalSection(ExtensibilityGlobals) = postSolution
		SolutionGuid = {133A46EB-AD21-47F0-A771-FF68507E0244}
	EndGlobalSection
EndGlobal
